
Microsoft Visual Studio Solution File, Format Version 10.00
# Visual Studio 2008
Project("{E24C65DC-7377-472B-9ABA-BC803B73C61A}") = "PortfolioManagementSystem", ".", "{DB7B3B0F-9E97-4AB8-ADCC-40D2C0807FD7}"
	ProjectSection(WebsiteProperties) = preProject
		TargetFramework = "3.5"
		Debug.AspNetCompiler.VirtualPath = "/PortfolioManagementSystem"
		Debug.AspNetCompiler.PhysicalPath = "F:\PortfolioManagementSystem\"
		Debug.AspNetCompiler.TargetPath = "PrecompiledWeb\PortfolioManagementSystem\"
		Debug.AspNetCompiler.Updateable = "true"
		Debug.AspNetCompiler.ForceOverwrite = "true"
		Debug.AspNetCompiler.FixedNames = "false"
		Debug.AspNetCompiler.Debug = "True"
		Release.AspNetCompiler.VirtualPath = "/PortfolioManagementSystem"
		Release.AspNetCompiler.PhysicalPath = "F:\PortfolioManagementSystem\"
		Release.AspNetCompiler.TargetPath = "PrecompiledWeb\PortfolioManagementSystem\"
		Release.AspNetCompiler.Updateable = "true"
		Release.AspNetCompiler.ForceOverwrite = "true"
		Release.AspNetCompiler.FixedNames = "false"
		Release.AspNetCompiler.Debug = "False"
		VWDPort = "2186"
	EndProjectSection
EndProject
Global
	GlobalSection(SolutionConfigurationPlatforms) = preSolution
		Debug|.NET = Debug|.NET
	EndGlobalSection
	GlobalSection(ProjectConfigurationPlatforms) = postSolution
		{DB7B3B0F-9E97-4AB8-ADCC-40D2C0807FD7}.Debug|.NET.ActiveCfg = Debug|.NET
		{DB7B3B0F-9E97-4AB8-ADCC-40D2C0807FD7}.Debug|.NET.Build.0 = Debug|.NET
	EndGlobalSection
	GlobalSection(SolutionProperties) = preSolution
		HideSolutionNode = FALSE
	EndGlobalSection
EndGlobal
